
Microsoft Visual Studio Solution File, Format Version 12.00
# Visual Studio 15
VisualStudioVersion = 15.0.28010.2036
MinimumVisualStudioVersion = 10.0.40219.1
Project("{9A19103F-16F7-4668-BE54-9A1E7A4F7556}") = "DatingApp.API", "DatingApp.API\DatingApp.API.csproj", "{50DA8489-76A3-4BAD-BCB1-9A8078509770}"
EndProject
Project("{E53339B2-1760-4266-BCC7-CA923CBCF16C}") = "docker-compose", "docker-compose.dcproj", "{4EF32A81-1551-48BA-9CF9-94EC84153CB3}"
EndProject
Global
	GlobalSection(SolutionConfigurationPlatforms) = preSolution
		Debug|Any CPU = Debug|Any CPU
		Release|Any CPU = Release|Any CPU
	EndGlobalSection
	GlobalSection(ProjectConfigurationPlatforms) = postSolution
		{50DA8489-76A3-4BAD-BCB1-9A8078509770}.Debug|Any CPU.ActiveCfg = Debug|Any CPU
		{50DA8489-76A3-4BAD-BCB1-9A8078509770}.Debug|Any CPU.Build.0 = Debug|Any CPU
		{50DA8489-76A3-4BAD-BCB1-9A8078509770}.Release|Any CPU.ActiveCfg = Release|Any CPU
		{50DA8489-76A3-4BAD-BCB1-9A8078509770}.Release|Any CPU.Build.0 = Release|Any CPU
		{4EF32A81-1551-48BA-9CF9-94EC84153CB3}.Debug|Any CPU.ActiveCfg = Debug|Any CPU
		{4EF32A81-1551-48BA-9CF9-94EC84153CB3}.Debug|Any CPU.Build.0 = Debug|Any CPU
		{4EF32A81-1551-48BA-9CF9-94EC84153CB3}.Release|Any CPU.ActiveCfg = Release|Any CPU
		{4EF32A81-1551-48BA-9CF9-94EC84153CB3}.Release|Any CPU.Build.0 = Release|Any CPU
	EndGlobalSection
	GlobalSection(SolutionProperties) = preSolution
		HideSolutionNode = FALSE
	EndGlobalSection
	GlobalSection(ExtensibilityGlobals) = postSolution
		SolutionGuid = {007CDD06-E427-44F1-B19E-DD06842C4175}
	EndGlobalSection
EndGlobal
